
Microsoft Visual Studio Solution File, Format Version 12.00
# Visual Studio Version 17
VisualStudioVersion = 17.6.33801.468
MinimumVisualStudioVersion = 10.0.40219.1
Project("{FAE04EC0-301F-11D3-BF4B-00C04F79EFBC}") = "ArrayStringDictionary", "ArrayStringDictionary\ArrayStringDictionary.csproj", "{A9728F2E-9941-4278-8B02-12E55B811D52}"
EndProject
Global
	GlobalSection(SolutionConfigurationPlatforms) = preSolution
		Debug|Any CPU = Debug|Any CPU
		Release|Any CPU = Release|Any CPU
	EndGlobalSection
	GlobalSection(ProjectConfigurationPlatforms) = postSolution
		{A9728F2E-9941-4278-8B02-12E55B811D52}.Debug|Any CPU.ActiveCfg = Debug|Any CPU
		{A9728F2E-9941-4278-8B02-12E55B811D52}.Debug|Any CPU.Build.0 = Debug|Any CPU
		{A9728F2E-9941-4278-8B02-12E55B811D52}.Release|Any CPU.ActiveCfg = Release|Any CPU
		{A9728F2E-9941-4278-8B02-12E55B811D52}.Release|Any CPU.Build.0 = Release|Any CPU
	EndGlobalSection
	GlobalSection(SolutionProperties) = preSolution
		HideSolutionNode = FALSE
	EndGlobalSection
	GlobalSection(ExtensibilityGlobals) = postSolution
		SolutionGuid = {2816C71D-AA69-4A6A-8BC1-DACE01AFB16C}
	EndGlobalSection
EndGlobal
